// !$*UTF8*$!
{
	archiveVersion = 1;
	classes = {
	};
	objectVersion = 50;
	objects = {

/* Begin PBXBuildFile section */
		34457CFD233CEFC1008CEBF9 /* Background.swift in Sources */ = {isa = PBXBuildFile; fileRef = 34457CFC233CEFC1008CEBF9 /* Background.swift */; };
		349D5B0D2338C0CE00065C1B /* AppDelegate.swift in Sources */ = {isa = PBXBuildFile; fileRef = 349D5B0C2338C0CE00065C1B /* AppDelegate.swift */; };
		349D5B0F2338C0CE00065C1B /* PlayScene.sks in Resources */ = {isa = PBXBuildFile; fileRef = 349D5B0E2338C0CE00065C1B /* PlayScene.sks */; };
		349D5B112338C0CE00065C1B /* Actions.sks in Resources */ = {isa = PBXBuildFile; fileRef = 349D5B102338C0CE00065C1B /* Actions.sks */; };
		349D5B132338C0CE00065C1B /* PlayScene.swift in Sources */ = {isa = PBXBuildFile; fileRef = 349D5B122338C0CE00065C1B /* PlayScene.swift */; };
		349D5B152338C0CE00065C1B /* PlayViewController.swift in Sources */ = {isa = PBXBuildFile; fileRef = 349D5B142338C0CE00065C1B /* PlayViewController.swift */; };
		349D5B182338C0CE00065C1B /* Main.storyboard in Resources */ = {isa = PBXBuildFile; fileRef = 349D5B162338C0CE00065C1B /* Main.storyboard */; };
		349D5B1A2338C0CF00065C1B /* Assets.xcassets in Resources */ = {isa = PBXBuildFile; fileRef = 349D5B192338C0CF00065C1B /* Assets.xcassets */; };
		349D5B1D2338C0CF00065C1B /* LaunchScreen.storyboard in Resources */ = {isa = PBXBuildFile; fileRef = 349D5B1B2338C0CF00065C1B /* LaunchScreen.storyboard */; };
		349D5B282338C0CF00065C1B /* FlutterCowTests.swift in Sources */ = {isa = PBXBuildFile; fileRef = 349D5B272338C0CF00065C1B /* FlutterCowTests.swift */; };
		349D5B332338C0CF00065C1B /* FlutterCowUITests.swift in Sources */ = {isa = PBXBuildFile; fileRef = 349D5B322338C0CF00065C1B /* FlutterCowUITests.swift */; };
		349D5B432338D14F00065C1B /* Cow.swift in Sources */ = {isa = PBXBuildFile; fileRef = 349D5B422338D14F00065C1B /* Cow.swift */; };
/* End PBXBuildFile section */

/* Begin PBXContainerItemProxy section */
		349D5B242338C0CF00065C1B /* PBXContainerItemProxy */ = {
			isa = PBXContainerItemProxy;
			containerPortal = 349D5B012338C0CE00065C1B /* Project object */;
			proxyType = 1;
			remoteGlobalIDString = 349D5B082338C0CE00065C1B;
			remoteInfo = FlutterCow;
		};
		349D5B2F2338C0CF00065C1B /* PBXContainerItemProxy */ = {
			isa = PBXContainerItemProxy;
			containerPortal = 349D5B012338C0CE00065C1B /* Project object */;
			proxyType = 1;
			remoteGlobalIDString = 349D5B082338C0CE00065C1B;
			remoteInfo = FlutterCow;
		};
/* End PBXContainerItemProxy section */

/* Begin PBXFileReference section */
		34457CFC233CEFC1008CEBF9 /* Background.swift */ = {isa = PBXFileReference; lastKnownFileType = sourcecode.swift; path = Background.swift; sourceTree = "<group>"; };
		349D5B092338C0CE00065C1B /* FlutterCow.app */ = {isa = PBXFileReference; explicitFileType = wrapper.application; includeInIndex = 0; path = FlutterCow.app; sourceTree = BUILT_PRODUCTS_DIR; };
		349D5B0C2338C0CE00065C1B /* AppDelegate.swift */ = {isa = PBXFileReference; lastKnownFileType = sourcecode.swift; path = AppDelegate.swift; sourceTree = "<group>"; };
		349D5B0E2338C0CE00065C1B /* PlayScene.sks */ = {isa = PBXFileReference; lastKnownFileType = file.sks; path = PlayScene.sks; sourceTree = "<group>"; };
		349D5B102338C0CE00065C1B /* Actions.sks */ = {isa = PBXFileReference; lastKnownFileType = file.sks; path = Actions.sks; sourceTree = "<group>"; };
		349D5B122338C0CE00065C1B /* PlayScene.swift */ = {isa = PBXFileReference; lastKnownFileType = sourcecode.swift; path = PlayScene.swift; sourceTree = "<group>"; };
		349D5B142338C0CE00065C1B /* PlayViewController.swift */ = {isa = PBXFileReference; lastKnownFileType = sourcecode.swift; path = PlayViewController.swift; sourceTree = "<group>"; };
		349D5B172338C0CE00065C1B /* Base */ = {isa = PBXFileReference; lastKnownFileType = file.storyboard; name = Base; path = Base.lproj/Main.storyboard; sourceTree = "<group>"; };
		349D5B192338C0CF00065C1B /* Assets.xcassets */ = {isa = PBXFileReference; lastKnownFileType = folder.assetcatalog; path = Assets.xcassets; sourceTree = "<group>"; };
		349D5B1C2338C0CF00065C1B /* Base */ = {isa = PBXFileReference; lastKnownFileType = file.storyboard; name = Base; path = Base.lproj/LaunchScreen.storyboard; sourceTree = "<group>"; };
		349D5B1E2338C0CF00065C1B /* Info.plist */ = {isa = PBXFileReference; lastKnownFileType = text.plist.xml; path = Info.plist; sourceTree = "<group>"; };
		349D5B232338C0CF00065C1B /* FlutterCowTests.xctest */ = {isa = PBXFileReference; explicitFileType = wrapper.cfbundle; includeInIndex = 0; path = FlutterCowTests.xctest; sourceTree = BUILT_PRODUCTS_DIR; };
		349D5B272338C0CF00065C1B /* FlutterCowTests.swift */ = {isa = PBXFileReference; lastKnownFileType = sourcecode.swift; path = FlutterCowTests.swift; sourceTree = "<group>"; };
		349D5B292338C0CF00065C1B /* Info.plist */ = {isa = PBXFileReference; lastKnownFileType = text.plist.xml; path = Info.plist; sourceTree = "<group>"; };
		349D5B2E2338C0CF00065C1B /* FlutterCowUITests.xctest */ = {isa = PBXFileReference; explicitFileType = wrapper.cfbundle; includeInIndex = 0; path = FlutterCowUITests.xctest; sourceTree = BUILT_PRODUCTS_DIR; };
		349D5B322338C0CF00065C1B /* FlutterCowUITests.swift */ = {isa = PBXFileReference; lastKnownFileType = sourcecode.swift; path = FlutterCowUITests.swift; sourceTree = "<group>"; };
		349D5B342338C0CF00065C1B /* Info.plist */ = {isa = PBXFileReference; lastKnownFileType = text.plist.xml; path = Info.plist; sourceTree = "<group>"; };
		349D5B422338D14F00065C1B /* Cow.swift */ = {isa = PBXFileReference; lastKnownFileType = sourcecode.swift; path = Cow.swift; sourceTree = "<group>"; };
/* End PBXFileReference section */

/* Begin PBXFrameworksBuildPhase section */
		349D5B062338C0CE00065C1B /* Frameworks */ = {
			isa = PBXFrameworksBuildPhase;
			buildActionMask = 2147483647;
			files = (
			);
			runOnlyForDeploymentPostprocessing = 0;
		};
		349D5B202338C0CF00065C1B /* Frameworks */ = {
			isa = PBXFrameworksBuildPhase;
			buildActionMask = 2147483647;
			files = (
			);
			runOnlyForDeploymentPostprocessing = 0;
		};
		349D5B2B2338C0CF00065C1B /* Frameworks */ = {
			isa = PBXFrameworksBuildPhase;
			buildActionMask = 2147483647;
			files = (
			);
			runOnlyForDeploymentPostprocessing = 0;
		};
/* End PBXFrameworksBuildPhase section */

/* Begin PBXGroup section */
		3332751C233DFC3A00982A89 /* GameScene */ = {
			isa = PBXGroup;
			children = (
				349D5B122338C0CE00065C1B /* PlayScene.swift */,
			);
			path = GameScene;
			sourceTree = "<group>";
		};
		3332751D233DFC6500982A89 /* GameViewController */ = {
			isa = PBXGroup;
			children = (
				349D5B142338C0CE00065C1B /* PlayViewController.swift */,
			);
			path = GameViewController;
			sourceTree = "<group>";
		};
		349D5B002338C0CE00065C1B = {
			isa = PBXGroup;
			children = (
				349D5B0B2338C0CE00065C1B /* FlutterCow */,
				349D5B262338C0CF00065C1B /* FlutterCowTests */,
				349D5B312338C0CF00065C1B /* FlutterCowUITests */,
				349D5B0A2338C0CE00065C1B /* Products */,
			);
			sourceTree = "<group>";
		};
		349D5B0A2338C0CE00065C1B /* Products */ = {
			isa = PBXGroup;
			children = (
				349D5B092338C0CE00065C1B /* FlutterCow.app */,
				349D5B232338C0CF00065C1B /* FlutterCowTests.xctest */,
				349D5B2E2338C0CF00065C1B /* FlutterCowUITests.xctest */,
			);
			name = Products;
			sourceTree = "<group>";
		};
		349D5B0B2338C0CE00065C1B /* FlutterCow */ = {
			isa = PBXGroup;
			children = (
				3332751D233DFC6500982A89 /* GameViewController */,
				3332751C233DFC3A00982A89 /* GameScene */,
				349D5B412338CF7500065C1B /* GameObjects */,
				349D5B0C2338C0CE00065C1B /* AppDelegate.swift */,
				349D5B0E2338C0CE00065C1B /* PlayScene.sks */,
				349D5B102338C0CE00065C1B /* Actions.sks */,
				349D5B162338C0CE00065C1B /* Main.storyboard */,
				349D5B192338C0CF00065C1B /* Assets.xcassets */,
				349D5B1B2338C0CF00065C1B /* LaunchScreen.storyboard */,
				349D5B1E2338C0CF00065C1B /* Info.plist */,
			);
			path = FlutterCow;
			sourceTree = "<group>";
		};
		349D5B262338C0CF00065C1B /* FlutterCowTests */ = {
			isa = PBXGroup;
			children = (
				349D5B272338C0CF00065C1B /* FlutterCowTests.swift */,
				349D5B292338C0CF00065C1B /* Info.plist */,
			);
			path = FlutterCowTests;
			sourceTree = "<group>";
		};
		349D5B312338C0CF00065C1B /* FlutterCowUITests */ = {
			isa = PBXGroup;
			children = (
				349D5B322338C0CF00065C1B /* FlutterCowUITests.swift */,
				349D5B342338C0CF00065C1B /* Info.plist */,
			);
			path = FlutterCowUITests;
			sourceTree = "<group>";
		};
		349D5B412338CF7500065C1B /* GameObjects */ = {
			isa = PBXGroup;
			children = (
				349D5B422338D14F00065C1B /* Cow.swift */,
				34457CFC233CEFC1008CEBF9 /* Background.swift */,
			);
			path = GameObjects;
			sourceTree = "<group>";
		};
/* End PBXGroup section */

/* Begin PBXNativeTarget section */
		349D5B082338C0CE00065C1B /* FlutterCow */ = {
			isa = PBXNativeTarget;
			buildConfigurationList = 349D5B372338C0CF00065C1B /* Build configuration list for PBXNativeTarget "FlutterCow" */;
			buildPhases = (
				349D5B052338C0CE00065C1B /* Sources */,
				349D5B062338C0CE00065C1B /* Frameworks */,
				349D5B072338C0CE00065C1B /* Resources */,
			);
			buildRules = (
			);
			dependencies = (
			);
			name = FlutterCow;
			productName = FlutterCow;
			productReference = 349D5B092338C0CE00065C1B /* FlutterCow.app */;
			productType = "com.apple.product-type.application";
		};
		349D5B222338C0CF00065C1B /* FlutterCowTests */ = {
			isa = PBXNativeTarget;
			buildConfigurationList = 349D5B3A2338C0CF00065C1B /* Build configuration list for PBXNativeTarget "FlutterCowTests" */;
			buildPhases = (
				349D5B1F2338C0CF00065C1B /* Sources */,
				349D5B202338C0CF00065C1B /* Frameworks */,
				349D5B212338C0CF00065C1B /* Resources */,
			);
			buildRules = (
			);
			dependencies = (
				349D5B252338C0CF00065C1B /* PBXTargetDependency */,
			);
			name = FlutterCowTests;
			productName = FlutterCowTests;
			productReference = 349D5B232338C0CF00065C1B /* FlutterCowTests.xctest */;
			productType = "com.apple.product-type.bundle.unit-test";
		};
		349D5B2D2338C0CF00065C1B /* FlutterCowUITests */ = {
			isa = PBXNativeTarget;
			buildConfigurationList = 349D5B3D2338C0CF00065C1B /* Build configuration list for PBXNativeTarget "FlutterCowUITests" */;
			buildPhases = (
				349D5B2A2338C0CF00065C1B /* Sources */,
				349D5B2B2338C0CF00065C1B /* Frameworks */,
				349D5B2C2338C0CF00065C1B /* Resources */,
			);
			buildRules = (
			);
			dependencies = (
				349D5B302338C0CF00065C1B /* PBXTargetDependency */,
			);
			name = FlutterCowUITests;
			productName = FlutterCowUITests;
			productReference = 349D5B2E2338C0CF00065C1B /* FlutterCowUITests.xctest */;
			productType = "com.apple.product-type.bundle.ui-testing";
		};
/* End PBXNativeTarget section */

/* Begin PBXProject section */
		349D5B012338C0CE00065C1B /* Project object */ = {
			isa = PBXProject;
			attributes = {
				LastSwiftUpdateCheck = 1100;
				LastUpgradeCheck = 1100;
				ORGANIZATIONNAME = "Tuyen Le";
				TargetAttributes = {
					349D5B082338C0CE00065C1B = {
						CreatedOnToolsVersion = 11.0;
					};
					349D5B222338C0CF00065C1B = {
						CreatedOnToolsVersion = 11.0;
						TestTargetID = 349D5B082338C0CE00065C1B;
					};
					349D5B2D2338C0CF00065C1B = {
						CreatedOnToolsVersion = 11.0;
						TestTargetID = 349D5B082338C0CE00065C1B;
					};
				};
			};
			buildConfigurationList = 349D5B042338C0CE00065C1B /* Build configuration list for PBXProject "FlutterCow" */;
			compatibilityVersion = "Xcode 9.3";
			developmentRegion = en;
			hasScannedForEncodings = 0;
			knownRegions = (
				en,
				Base,
			);
			mainGroup = 349D5B002338C0CE00065C1B;
			productRefGroup = 349D5B0A2338C0CE00065C1B /* Products */;
			projectDirPath = "";
			projectRoot = "";
			targets = (
				349D5B082338C0CE00065C1B /* FlutterCow */,
				349D5B222338C0CF00065C1B /* FlutterCowTests */,
				349D5B2D2338C0CF00065C1B /* FlutterCowUITests */,
			);
		};
/* End PBXProject section */

/* Begin PBXResourcesBuildPhase section */
		349D5B072338C0CE00065C1B /* Resources */ = {
			isa = PBXResourcesBuildPhase;
			buildActionMask = 2147483647;
			files = (
				349D5B182338C0CE00065C1B /* Main.storyboard in Resources */,
				349D5B0F2338C0CE00065C1B /* PlayScene.sks in Resources */,
				349D5B1A2338C0CF00065C1B /* Assets.xcassets in Resources */,
				349D5B1D2338C0CF00065C1B /* LaunchScreen.storyboard in Resources */,
				349D5B112338C0CE00065C1B /* Actions.sks in Resources */,
			);
			runOnlyForDeploymentPostprocessing = 0;
		};
		349D5B212338C0CF00065C1B /* Resources */ = {
			isa = PBXResourcesBuildPhase;
			buildActionMask = 2147483647;
			files = (
			);
			runOnlyForDeploymentPostprocessing = 0;
		};
		349D5B2C2338C0CF00065C1B /* Resources */ = {
			isa = PBXResourcesBuildPhase;
			buildActionMask = 2147483647;
			files = (
			);
			runOnlyForDeploymentPostprocessing = 0;
		};
/* End PBXResourcesBuildPhase section */

/* Begin PBXSourcesBuildPhase section */
		349D5B052338C0CE00065C1B /* Sources */ = {
			isa = PBXSourcesBuildPhase;
			buildActionMask = 2147483647;
			files = (
				349D5B132338C0CE00065C1B /* PlayScene.swift in Sources */,
				349D5B432338D14F00065C1B /* Cow.swift in Sources */,
				349D5B152338C0CE00065C1B /* PlayViewController.swift in Sources */,
				349D5B0D2338C0CE00065C1B /* AppDelegate.swift in Sources */,
				34457CFD233CEFC1008CEBF9 /* Background.swift in Sources */,
			);
			runOnlyForDeploymentPostprocessing = 0;
		};
		349D5B1F2338C0CF00065C1B /* Sources */ = {
			isa = PBXSourcesBuildPhase;
			buildActionMask = 2147483647;
			files = (
				349D5B282338C0CF00065C1B /* FlutterCowTests.swift in Sources */,
			);
			runOnlyForDeploymentPostprocessing = 0;
		};
		349D5B2A2338C0CF00065C1B /* Sources */ = {
			isa = PBXSourcesBuildPhase;
			buildActionMask = 2147483647;
			files = (
				349D5B332338C0CF00065C1B /* FlutterCowUITests.swift in Sources */,
			);
			runOnlyForDeploymentPostprocessing = 0;
		};
/* End PBXSourcesBuildPhase section */

/* Begin PBXTargetDependency section */
		349D5B252338C0CF00065C1B /* PBXTargetDependency */ = {
			isa = PBXTargetDependency;
			target = 349D5B082338C0CE00065C1B /* FlutterCow */;
			targetProxy = 349D5B242338C0CF00065C1B /* PBXContainerItemProxy */;
		};
		349D5B302338C0CF00065C1B /* PBXTargetDependency */ = {
			isa = PBXTargetDependency;
			target = 349D5B082338C0CE00065C1B /* FlutterCow */;
			targetProxy = 349D5B2F2338C0CF00065C1B /* PBXContainerItemProxy */;
		};
/* End PBXTargetDependency section */

/* Begin PBXVariantGroup section */
		349D5B162338C0CE00065C1B /* Main.storyboard */ = {
			isa = PBXVariantGroup;
			children = (
				349D5B172338C0CE00065C1B /* Base */,
			);
			name = Main.storyboard;
			sourceTree = "<group>";
		};
		349D5B1B2338C0CF00065C1B /* LaunchScreen.storyboard */ = {
			isa = PBXVariantGroup;
			children = (
				349D5B1C2338C0CF00065C1B /* Base */,
			);
			name = LaunchScreen.storyboard;
			sourceTree = "<group>";
		};
/* End PBXVariantGroup section */

/* Begin XCBuildConfiguration section */
		349D5B352338C0CF00065C1B /* Debug */ = {
			isa = XCBuildConfiguration;
			buildSettings = {
				ALWAYS_SEARCH_USER_PATHS = NO;
				CLANG_ANALYZER_NONNULL = YES;
				CLANG_ANALYZER_NUMBER_OBJECT_CONVERSION = YES_AGGRESSIVE;
				CLANG_CXX_LANGUAGE_STANDARD = "gnu++14";
				CLANG_CXX_LIBRARY = "libc++";
				CLANG_ENABLE_MODULES = YES;
				CLANG_ENABLE_OBJC_ARC = YES;
				CLANG_ENABLE_OBJC_WEAK = YES;
				CLANG_WARN_BLOCK_CAPTURE_AUTORELEASING = YES;
				CLANG_WARN_BOOL_CONVERSION = YES;
				CLANG_WARN_COMMA = YES;
				CLANG_WARN_CONSTANT_CONVERSION = YES;
				CLANG_WARN_DEPRECATED_OBJC_IMPLEMENTATIONS = YES;
				CLANG_WARN_DIRECT_OBJC_ISA_USAGE = YES_ERROR;
				CLANG_WARN_DOCUMENTATION_COMMENTS = YES;
				CLANG_WARN_EMPTY_BODY = YES;
				CLANG_WARN_ENUM_CONVERSION = YES;
				CLANG_WARN_INFINITE_RECURSION = YES;
				CLANG_WARN_INT_CONVERSION = YES;
				CLANG_WARN_NON_LITERAL_NULL_CONVERSION = YES;
				CLANG_WARN_OBJC_IMPLICIT_RETAIN_SELF = YES;
				CLANG_WARN_OBJC_LITERAL_CONVERSION = YES;
				CLANG_WARN_OBJC_ROOT_CLASS = YES_ERROR;
				CLANG_WARN_RANGE_LOOP_ANALYSIS = YES;
				CLANG_WARN_STRICT_PROTOTYPES = YES;
				CLANG_WARN_SUSPICIOUS_MOVE = YES;
				CLANG_WARN_UNGUARDED_AVAILABILITY = YES_AGGRESSIVE;
				CLANG_WARN_UNREACHABLE_CODE = YES;
				CLANG_WARN__DUPLICATE_METHOD_MATCH = YES;
				COPY_PHASE_STRIP = NO;
				DEBUG_INFORMATION_FORMAT = dwarf;
				ENABLE_STRICT_OBJC_MSGSEND = YES;
				ENABLE_TESTABILITY = YES;
				GCC_C_LANGUAGE_STANDARD = gnu11;
				GCC_DYNAMIC_NO_PIC = NO;
				GCC_NO_COMMON_BLOCKS = YES;
				GCC_OPTIMIZATION_LEVEL = 0;
				GCC_PREPROCESSOR_DEFINITIONS = (
					"DEBUG=1",
					"$(inherited)",
				);
				GCC_WARN_64_TO_32_BIT_CONVERSION = YES;
				GCC_WARN_ABOUT_RETURN_TYPE = YES_ERROR;
				GCC_WARN_UNDECLARED_SELECTOR = YES;
				GCC_WARN_UNINITIALIZED_AUTOS = YES_AGGRESSIVE;
				GCC_WARN_UNUSED_FUNCTION = YES;
				GCC_WARN_UNUSED_VARIABLE = YES;
				IPHONEOS_DEPLOYMENT_TARGET = 13.0;
				MTL_ENABLE_DEBUG_INFO = INCLUDE_SOURCE;
				MTL_FAST_MATH = YES;
				ONLY_ACTIVE_ARCH = YES;
				SDKROOT = iphoneos;
				SWIFT_ACTIVE_COMPILATION_CONDITIONS = DEBUG;
				SWIFT_OPTIMIZATION_LEVEL = "-Onone";
			};
			name = Debug;
		};
		349D5B362338C0CF00065C1B /* Release */ = {
			isa = XCBuildConfiguration;
			buildSettings = {
				ALWAYS_SEARCH_USER_PATHS = NO;
				CLANG_ANALYZER_NONNULL = YES;
				CLANG_ANALYZER_NUMBER_OBJECT_CONVERSION = YES_AGGRESSIVE;
				CLANG_CXX_LANGUAGE_STANDARD = "gnu++14";
				CLANG_CXX_LIBRARY = "libc++";
				CLANG_ENABLE_MODULES = YES;
				CLANG_ENABLE_OBJC_ARC = YES;
				CLANG_ENABLE_OBJC_WEAK = YES;
				CLANG_WARN_BLOCK_CAPTURE_AUTORELEASING = YES;
				CLANG_WARN_BOOL_CONVERSION = YES;
				CLANG_WARN_COMMA = YES;
				CLANG_WARN_CONSTANT_CONVERSION = YES;
				CLANG_WARN_DEPRECATED_OBJC_IMPLEMENTATIONS = YES;
				CLANG_WARN_DIRECT_OBJC_ISA_USAGE = YES_ERROR;
				CLANG_WARN_DOCUMENTATION_COMMENTS = YES;
				CLANG_WARN_EMPTY_BODY = YES;
				CLANG_WARN_ENUM_CONVERSION = YES;
				CLANG_WARN_INFINITE_RECURSION = YES;
				CLANG_WARN_INT_CONVERSION = YES;
				CLANG_WARN_NON_LITERAL_NULL_CONVERSION = YES;
				CLANG_WARN_OBJC_IMPLICIT_RETAIN_SELF = YES;
				CLANG_WARN_OBJC_LITERAL_CONVERSION = YES;
				CLANG_WARN_OBJC_ROOT_CLASS = YES_ERROR;
				CLANG_WARN_RANGE_LOOP_ANALYSIS = YES;
				CLANG_WARN_STRICT_PROTOTYPES = YES;
				CLANG_WARN_SUSPICIOUS_MOVE = YES;
				CLANG_WARN_UNGUARDED_AVAILABILITY = YES_AGGRESSIVE;
				CLANG_WARN_UNREACHABLE_CODE = YES;
				CLANG_WARN__DUPLICATE_METHOD_MATCH = YES;
				COPY_PHASE_STRIP = NO;
				DEBUG_INFORMATION_FORMAT = "dwarf-with-dsym";
				ENABLE_NS_ASSERTIONS = NO;
				ENABLE_STRICT_OBJC_MSGSEND = YES;
				GCC_C_LANGUAGE_STANDARD = gnu11;
				GCC_NO_COMMON_BLOCKS = YES;
				GCC_WARN_64_TO_32_BIT_CONVERSION = YES;
				GCC_WARN_ABOUT_RETURN_TYPE = YES_ERROR;
				GCC_WARN_UNDECLARED_SELECTOR = YES;
				GCC_WARN_UNINITIALIZED_AUTOS = YES_AGGRESSIVE;
				GCC_WARN_UNUSED_FUNCTION = YES;
				GCC_WARN_UNUSED_VARIABLE = YES;
				IPHONEOS_DEPLOYMENT_TARGET = 13.0;
				MTL_ENABLE_DEBUG_INFO = NO;
				MTL_FAST_MATH = YES;
				SDKROOT = iphoneos;
				SWIFT_COMPILATION_MODE = wholemodule;
				SWIFT_OPTIMIZATION_LEVEL = "-O";
				VALIDATE_PRODUCT = YES;
			};
			name = Release;
		};
		349D5B382338C0CF00065C1B /* Debug */ = {
			isa = XCBuildConfiguration;
			buildSettings = {
				ASSETCATALOG_COMPILER_APPICON_NAME = AppIcon;
				CODE_SIGN_STYLE = Automatic;
				DEVELOPMENT_TEAM = DTUTGY3V82;
				INFOPLIST_FILE = FlutterCow/Info.plist;
				LD_RUNPATH_SEARCH_PATHS = (
					"$(inherited)",
					"@executable_path/Frameworks",
				);
				PRODUCT_BUNDLE_IDENTIFIER = tintin.FlutterCow;
				PRODUCT_NAME = "$(TARGET_NAME)";
				SWIFT_VERSION = 5.0;
				TARGETED_DEVICE_FAMILY = "1,2";
			};
			name = Debug;
		};
		349D5B392338C0CF00065C1B /* Release */ = {
			isa = XCBuildConfiguration;
			buildSettings = {
				ASSETCATALOG_COMPILER_APPICON_NAME = AppIcon;
				CODE_SIGN_STYLE = Automatic;
				DEVELOPMENT_TEAM = DTUTGY3V82;
				INFOPLIST_FILE = FlutterCow/Info.plist;
				LD_RUNPATH_SEARCH_PATHS = (
					"$(inherited)",
					"@executable_path/Frameworks",
				);
				PRODUCT_BUNDLE_IDENTIFIER = tintin.FlutterCow;
				PRODUCT_NAME = "$(TARGET_NAME)";
				SWIFT_VERSION = 5.0;
				TARGETED_DEVICE_FAMILY = "1,2";
			};
			name = Release;
		};
		349D5B3B2338C0CF00065C1B /* Debug */ = {
			isa = XCBuildConfiguration;
			buildSettings = {
				ALWAYS_EMBED_SWIFT_STANDARD_LIBRARIES = YES;
				BUNDLE_LOADER = "$(TEST_HOST)";
				CODE_SIGN_STYLE = Automatic;
				DEVELOPMENT_TEAM = DTUTGY3V82;
				INFOPLIST_FILE = FlutterCowTests/Info.plist;
				IPHONEOS_DEPLOYMENT_TARGET = 13.0;
				LD_RUNPATH_SEARCH_PATHS = (
					"$(inherited)",
					"@executable_path/Frameworks",
					"@loader_path/Frameworks",
				);
				PRODUCT_BUNDLE_IDENTIFIER = tintin.FlutterCowTests;
				PRODUCT_NAME = "$(TARGET_NAME)";
				SWIFT_VERSION = 5.0;
				TARGETED_DEVICE_FAMILY = "1,2";
				TEST_HOST = "$(BUILT_PRODUCTS_DIR)/FlutterCow.app/FlutterCow";
			};
			name = Debug;
		};
		349D5B3C2338C0CF00065C1B /* Release */ = {
			isa = XCBuildConfiguration;
			buildSettings = {
				ALWAYS_EMBED_SWIFT_STANDARD_LIBRARIES = YES;
				BUNDLE_LOADER = "$(TEST_HOST)";
				CODE_SIGN_STYLE = Automatic;
				DEVELOPMENT_TEAM = DTUTGY3V82;
				INFOPLIST_FILE = FlutterCowTests/Info.plist;
				IPHONEOS_DEPLOYMENT_TARGET = 13.0;
				LD_RUNPATH_SEARCH_PATHS = (
					"$(inherited)",
					"@executable_path/Frameworks",
					"@loader_path/Frameworks",
				);
				PRODUCT_BUNDLE_IDENTIFIER = tintin.FlutterCowTests;
				PRODUCT_NAME = "$(TARGET_NAME)";
				SWIFT_VERSION = 5.0;
				TARGETED_DEVICE_FAMILY = "1,2";
				TEST_HOST = "$(BUILT_PRODUCTS_DIR)/FlutterCow.app/FlutterCow";
			};
			name = Release;
		};
		349D5B3E2338C0CF00065C1B /* Debug */ = {
			isa = XCBuildConfiguration;
			buildSettings = {
				ALWAYS_EMBED_SWIFT_STANDARD_LIBRARIES = YES;
				CODE_SIGN_STYLE = Automatic;
				DEVELOPMENT_TEAM = DTUTGY3V82;
				INFOPLIST_FILE = FlutterCowUITests/Info.plist;
				LD_RUNPATH_SEARCH_PATHS = (
					"$(inherited)",
					"@executable_path/Frameworks",
					"@loader_path/Frameworks",
				);
				PRODUCT_BUNDLE_IDENTIFIER = tintin.FlutterCowUITests;
				PRODUCT_NAME = "$(TARGET_NAME)";
				SWIFT_VERSION = 5.0;
				TARGETED_DEVICE_FAMILY = "1,2";
				TEST_TARGET_NAME = FlutterCow;
			};
			name = Debug;
		};
		349D5B3F2338C0CF00065C1B /* Release */ = {
			isa = XCBuildConfiguration;
			buildSettings = {
				ALWAYS_EMBED_SWIFT_STANDARD_LIBRARIES = YES;
				CODE_SIGN_STYLE = Automatic;
				DEVELOPMENT_TEAM = DTUTGY3V82;
				INFOPLIST_FILE = FlutterCowUITests/Info.plist;
				LD_RUNPATH_SEARCH_PATHS = (
					"$(inherited)",
					"@executable_path/Frameworks",
					"@loader_path/Frameworks",
				);
				PRODUCT_BUNDLE_IDENTIFIER = tintin.FlutterCowUITests;
				PRODUCT_NAME = "$(TARGET_NAME)";
				SWIFT_VERSION = 5.0;
				TARGETED_DEVICE_FAMILY = "1,2";
				TEST_TARGET_NAME = FlutterCow;
			};
			name = Release;
		};
/* End XCBuildConfiguration section */

/* Begin XCConfigurationList section */
		349D5B042338C0CE00065C1B /* Build configuration list for PBXProject "FlutterCow" */ = {
			isa = XCConfigurationList;
			buildConfigurations = (
				349D5B352338C0CF00065C1B /* Debug */,
				349D5B362338C0CF00065C1B /* Release */,
			);
			defaultConfigurationIsVisible = 0;
			defaultConfigurationName = Release;
		};
		349D5B372338C0CF00065C1B /* Build configuration list for PBXNativeTarget "FlutterCow" */ = {
			isa = XCConfigurationList;
			buildConfigurations = (
				349D5B382338C0CF00065C1B /* Debug */,
				349D5B392338C0CF00065C1B /* Release */,
			);
			defaultConfigurationIsVisible = 0;
			defaultConfigurationName = Release;
		};
		349D5B3A2338C0CF00065C1B /* Build configuration list for PBXNativeTarget "FlutterCowTests" */ = {
			isa = XCConfigurationList;
			buildConfigurations = (
				349D5B3B2338C0CF00065C1B /* Debug */,
				349D5B3C2338C0CF00065C1B /* Release */,
			);
			defaultConfigurationIsVisible = 0;
			defaultConfigurationName = Release;
		};
		349D5B3D2338C0CF00065C1B /* Build configuration list for PBXNativeTarget "FlutterCowUITests" */ = {
			isa = XCConfigurationList;
			buildConfigurations = (
				349D5B3E2338C0CF00065C1B /* Debug */,
				349D5B3F2338C0CF00065C1B /* Release */,
			);
			defaultConfigurationIsVisible = 0;
			defaultConfigurationName = Release;
		};
/* End XCConfigurationList section */
	};
	rootObject = 349D5B012338C0CE00065C1B /* Project object */;
}
